// !$*UTF8*$!
{
	archiveVersion = 1;
	classes = {
	};
	objectVersion = 46;
	objects = {

/* Begin PBXBuildFile section */
		5D10BB7F1E4C4670002985AF /* AppDelegate.swift in Sources */ = {isa = PBXBuildFile; fileRef = 5D10BB7E1E4C4670002985AF /* AppDelegate.swift */; };
		5D10BB811E4C4670002985AF /* ViewController.swift in Sources */ = {isa = PBXBuildFile; fileRef = 5D10BB801E4C4670002985AF /* ViewController.swift */; };
		5D10BB841E4C4670002985AF /* Main.storyboard in Resources */ = {isa = PBXBuildFile; fileRef = 5D10BB821E4C4670002985AF /* Main.storyboard */; };
		5D10BB861E4C4670002985AF /* Assets.xcassets in Resources */ = {isa = PBXBuildFile; fileRef = 5D10BB851E4C4670002985AF /* Assets.xcassets */; };
		5D10BB891E4C4670002985AF /* LaunchScreen.storyboard in Resources */ = {isa = PBXBuildFile; fileRef = 5D10BB871E4C4670002985AF /* LaunchScreen.storyboard */; };
		5D10BB941E4C4670002985AF /* cakesApp7_3Tests.swift in Sources */ = {isa = PBXBuildFile; fileRef = 5D10BB931E4C4670002985AF /* cakesApp7_3Tests.swift */; };
		5D10BB9F1E4C4670002985AF /* cakesApp7_3UITests.swift in Sources */ = {isa = PBXBuildFile; fileRef = 5D10BB9E1E4C4670002985AF /* cakesApp7_3UITests.swift */; };
		5D879E761E4C582200C2BD77 /* CASignupPageViewController.swift in Sources */ = {isa = PBXBuildFile; fileRef = 5D879E751E4C582200C2BD77 /* CASignupPageViewController.swift */; };
		5D95FA4B1E4C75A8007569D7 /* TabbarHomeViewController.swift in Sources */ = {isa = PBXBuildFile; fileRef = 5D95FA4A1E4C75A8007569D7 /* TabbarHomeViewController.swift */; };
		5D95FA4D1E4C75B6007569D7 /* TabbarWishViewController.swift in Sources */ = {isa = PBXBuildFile; fileRef = 5D95FA4C1E4C75B6007569D7 /* TabbarWishViewController.swift */; };
		5D95FA4F1E4C75C8007569D7 /* TabbarAccountViewController.swift in Sources */ = {isa = PBXBuildFile; fileRef = 5D95FA4E1E4C75C8007569D7 /* TabbarAccountViewController.swift */; };
		5D95FA511E4C75F0007569D7 /* TabbarCartViewController.swift in Sources */ = {isa = PBXBuildFile; fileRef = 5D95FA501E4C75F0007569D7 /* TabbarCartViewController.swift */; };
/* End PBXBuildFile section */

/* Begin PBXContainerItemProxy section */
		5D10BB901E4C4670002985AF /* PBXContainerItemProxy */ = {
			isa = PBXContainerItemProxy;
			containerPortal = 5D10BB731E4C4670002985AF /* Project object */;
			proxyType = 1;
			remoteGlobalIDString = 5D10BB7A1E4C4670002985AF;
			remoteInfo = cakesApp7.3;
		};
		5D10BB9B1E4C4670002985AF /* PBXContainerItemProxy */ = {
			isa = PBXContainerItemProxy;
			containerPortal = 5D10BB731E4C4670002985AF /* Project object */;
			proxyType = 1;
			remoteGlobalIDString = 5D10BB7A1E4C4670002985AF;
			remoteInfo = cakesApp7.3;
		};
/* End PBXContainerItemProxy section */

/* Begin PBXFileReference section */
		5D10BB7B1E4C4670002985AF /* cakesApp7.3.app */ = {isa = PBXFileReference; explicitFileType = wrapper.application; includeInIndex = 0; path = cakesApp7.3.app; sourceTree = BUILT_PRODUCTS_DIR; };
		5D10BB7E1E4C4670002985AF /* AppDelegate.swift */ = {isa = PBXFileReference; lastKnownFileType = sourcecode.swift; path = AppDelegate.swift; sourceTree = "<group>"; };
		5D10BB801E4C4670002985AF /* ViewController.swift */ = {isa = PBXFileReference; lastKnownFileType = sourcecode.swift; path = ViewController.swift; sourceTree = "<group>"; };
		5D10BB831E4C4670002985AF /* Base */ = {isa = PBXFileReference; lastKnownFileType = file.storyboard; name = Base; path = Base.lproj/Main.storyboard; sourceTree = "<group>"; };
		5D10BB851E4C4670002985AF /* Assets.xcassets */ = {isa = PBXFileReference; lastKnownFileType = folder.assetcatalog; path = Assets.xcassets; sourceTree = "<group>"; };
		5D10BB881E4C4670002985AF /* Base */ = {isa = PBXFileReference; lastKnownFileType = file.storyboard; name = Base; path = Base.lproj/LaunchScreen.storyboard; sourceTree = "<group>"; };
		5D10BB8A1E4C4670002985AF /* Info.plist */ = {isa = PBXFileReference; lastKnownFileType = text.plist.xml; path = Info.plist; sourceTree = "<group>"; };
		5D10BB8F1E4C4670002985AF /* cakesApp7.3Tests.xctest */ = {isa = PBXFileReference; explicitFileType = wrapper.cfbundle; includeInIndex = 0; path = cakesApp7.3Tests.xctest; sourceTree = BUILT_PRODUCTS_DIR; };
		5D10BB931E4C4670002985AF /* cakesApp7_3Tests.swift */ = {isa = PBXFileReference; lastKnownFileType = sourcecode.swift; path = cakesApp7_3Tests.swift; sourceTree = "<group>"; };
		5D10BB951E4C4670002985AF /* Info.plist */ = {isa = PBXFileReference; lastKnownFileType = text.plist.xml; path = Info.plist; sourceTree = "<group>"; };
		5D10BB9A1E4C4670002985AF /* cakesApp7.3UITests.xctest */ = {isa = PBXFileReference; explicitFileType = wrapper.cfbundle; includeInIndex = 0; path = cakesApp7.3UITests.xctest; sourceTree = BUILT_PRODUCTS_DIR; };
		5D10BB9E1E4C4670002985AF /* cakesApp7_3UITests.swift */ = {isa = PBXFileReference; lastKnownFileType = sourcecode.swift; path = cakesApp7_3UITests.swift; sourceTree = "<group>"; };
		5D10BBA01E4C4670002985AF /* Info.plist */ = {isa = PBXFileReference; lastKnownFileType = text.plist.xml; path = Info.plist; sourceTree = "<group>"; };
		5D879E751E4C582200C2BD77 /* CASignupPageViewController.swift */ = {isa = PBXFileReference; fileEncoding = 4; lastKnownFileType = sourcecode.swift; path = CASignupPageViewController.swift; sourceTree = "<group>"; };
		5D95FA4A1E4C75A8007569D7 /* TabbarHomeViewController.swift */ = {isa = PBXFileReference; fileEncoding = 4; lastKnownFileType = sourcecode.swift; path = TabbarHomeViewController.swift; sourceTree = "<group>"; };
		5D95FA4C1E4C75B6007569D7 /* TabbarWishViewController.swift */ = {isa = PBXFileReference; fileEncoding = 4; lastKnownFileType = sourcecode.swift; path = TabbarWishViewController.swift; sourceTree = "<group>"; };
		5D95FA4E1E4C75C8007569D7 /* TabbarAccountViewController.swift */ = {isa = PBXFileReference; fileEncoding = 4; lastKnownFileType = sourcecode.swift; path = TabbarAccountViewController.swift; sourceTree = "<group>"; };
		5D95FA501E4C75F0007569D7 /* TabbarCartViewController.swift */ = {isa = PBXFileReference; fileEncoding = 4; lastKnownFileType = sourcecode.swift; path = TabbarCartViewController.swift; sourceTree = "<group>"; };
/* End PBXFileReference section */

/* Begin PBXFrameworksBuildPhase section */
		5D10BB781E4C4670002985AF /* Frameworks */ = {
			isa = PBXFrameworksBuildPhase;
			buildActionMask = 2147483647;
			files = (
			);
			runOnlyForDeploymentPostprocessing = 0;
		};
		5D10BB8C1E4C4670002985AF /* Frameworks */ = {
			isa = PBXFrameworksBuildPhase;
			buildActionMask = 2147483647;
			files = (
			);
			runOnlyForDeploymentPostprocessing = 0;
		};
		5D10BB971E4C4670002985AF /* Frameworks */ = {
			isa = PBXFrameworksBuildPhase;
			buildActionMask = 2147483647;
			files = (
			);
			runOnlyForDeploymentPostprocessing = 0;
		};
/* End PBXFrameworksBuildPhase section */

/* Begin PBXGroup section */
		5D10BB721E4C4670002985AF = {
			isa = PBXGroup;
			children = (
				5D10BB7D1E4C4670002985AF /* cakesApp7.3 */,
				5D10BB921E4C4670002985AF /* cakesApp7.3Tests */,
				5D10BB9D1E4C4670002985AF /* cakesApp7.3UITests */,
				5D10BB7C1E4C4670002985AF /* Products */,
			);
			sourceTree = "<group>";
		};
		5D10BB7C1E4C4670002985AF /* Products */ = {
			isa = PBXGroup;
			children = (
				5D10BB7B1E4C4670002985AF /* cakesApp7.3.app */,
				5D10BB8F1E4C4670002985AF /* cakesApp7.3Tests.xctest */,
				5D10BB9A1E4C4670002985AF /* cakesApp7.3UITests.xctest */,
			);
			name = Products;
			sourceTree = "<group>";
		};
		5D10BB7D1E4C4670002985AF /* cakesApp7.3 */ = {
			isa = PBXGroup;
			children = (
				5D10BB7E1E4C4670002985AF /* AppDelegate.swift */,
				5D10BB801E4C4670002985AF /* ViewController.swift */,
				5D879E751E4C582200C2BD77 /* CASignupPageViewController.swift */,
				5D95FA4A1E4C75A8007569D7 /* TabbarHomeViewController.swift */,
				5D95FA4C1E4C75B6007569D7 /* TabbarWishViewController.swift */,
				5D95FA4E1E4C75C8007569D7 /* TabbarAccountViewController.swift */,
				5D95FA501E4C75F0007569D7 /* TabbarCartViewController.swift */,
				5D10BB821E4C4670002985AF /* Main.storyboard */,
				5D10BB851E4C4670002985AF /* Assets.xcassets */,
				5D10BB871E4C4670002985AF /* LaunchScreen.storyboard */,
				5D10BB8A1E4C4670002985AF /* Info.plist */,
			);
			path = cakesApp7.3;
			sourceTree = "<group>";
		};
		5D10BB921E4C4670002985AF /* cakesApp7.3Tests */ = {
			isa = PBXGroup;
			children = (
				5D10BB931E4C4670002985AF /* cakesApp7_3Tests.swift */,
				5D10BB951E4C4670002985AF /* Info.plist */,
			);
			path = cakesApp7.3Tests;
			sourceTree = "<group>";
		};
		5D10BB9D1E4C4670002985AF /* cakesApp7.3UITests */ = {
			isa = PBXGroup;
			children = (
				5D10BB9E1E4C4670002985AF /* cakesApp7_3UITests.swift */,
				5D10BBA01E4C4670002985AF /* Info.plist */,
			);
			path = cakesApp7.3UITests;
			sourceTree = "<group>";
		};
/* End PBXGroup section */

/* Begin PBXNativeTarget section */
		5D10BB7A1E4C4670002985AF /* cakesApp7.3 */ = {
			isa = PBXNativeTarget;
			buildConfigurationList = 5D10BBA31E4C4670002985AF /* Build configuration list for PBXNativeTarget "cakesApp7.3" */;
			buildPhases = (
				5D10BB771E4C4670002985AF /* Sources */,
				5D10BB781E4C4670002985AF /* Frameworks */,
				5D10BB791E4C4670002985AF /* Resources */,
			);
			buildRules = (
			);
			dependencies = (
			);
			name = cakesApp7.3;
			productName = cakesApp7.3;
			productReference = 5D10BB7B1E4C4670002985AF /* cakesApp7.3.app */;
			productType = "com.apple.product-type.application";
		};
		5D10BB8E1E4C4670002985AF /* cakesApp7.3Tests */ = {
			isa = PBXNativeTarget;
			buildConfigurationList = 5D10BBA61E4C4670002985AF /* Build configuration list for PBXNativeTarget "cakesApp7.3Tests" */;
			buildPhases = (
				5D10BB8B1E4C4670002985AF /* Sources */,
				5D10BB8C1E4C4670002985AF /* Frameworks */,
				5D10BB8D1E4C4670002985AF /* Resources */,
			);
			buildRules = (
			);
			dependencies = (
				5D10BB911E4C4670002985AF /* PBXTargetDependency */,
			);
			name = cakesApp7.3Tests;
			productName = cakesApp7.3Tests;
			productReference = 5D10BB8F1E4C4670002985AF /* cakesApp7.3Tests.xctest */;
			productType = "com.apple.product-type.bundle.unit-test";
		};
		5D10BB991E4C4670002985AF /* cakesApp7.3UITests */ = {
			isa = PBXNativeTarget;
			buildConfigurationList = 5D10BBA91E4C4670002985AF /* Build configuration list for PBXNativeTarget "cakesApp7.3UITests" */;
			buildPhases = (
				5D10BB961E4C4670002985AF /* Sources */,
				5D10BB971E4C4670002985AF /* Frameworks */,
				5D10BB981E4C4670002985AF /* Resources */,
			);
			buildRules = (
			);
			dependencies = (
				5D10BB9C1E4C4670002985AF /* PBXTargetDependency */,
			);
			name = cakesApp7.3UITests;
			productName = cakesApp7.3UITests;
			productReference = 5D10BB9A1E4C4670002985AF /* cakesApp7.3UITests.xctest */;
			productType = "com.apple.product-type.bundle.ui-testing";
		};
/* End PBXNativeTarget section */

/* Begin PBXProject section */
		5D10BB731E4C4670002985AF /* Project object */ = {
			isa = PBXProject;
			attributes = {
				LastSwiftUpdateCheck = 0730;
				LastUpgradeCheck = 0730;
				ORGANIZATIONNAME = vertace;
				TargetAttributes = {
					5D10BB7A1E4C4670002985AF = {
						CreatedOnToolsVersion = 7.3.1;
					};
					5D10BB8E1E4C4670002985AF = {
						CreatedOnToolsVersion = 7.3.1;
						TestTargetID = 5D10BB7A1E4C4670002985AF;
					};
					5D10BB991E4C4670002985AF = {
						CreatedOnToolsVersion = 7.3.1;
						TestTargetID = 5D10BB7A1E4C4670002985AF;
					};
				};
			};
			buildConfigurationList = 5D10BB761E4C4670002985AF /* Build configuration list for PBXProject "cakesApp7.3" */;
			compatibilityVersion = "Xcode 3.2";
			developmentRegion = English;
			hasScannedForEncodings = 0;
			knownRegions = (
				en,
				Base,
			);
			mainGroup = 5D10BB721E4C4670002985AF;
			productRefGroup = 5D10BB7C1E4C4670002985AF /* Products */;
			projectDirPath = "";
			projectRoot = "";
			targets = (
				5D10BB7A1E4C4670002985AF /* cakesApp7.3 */,
				5D10BB8E1E4C4670002985AF /* cakesApp7.3Tests */,
				5D10BB991E4C4670002985AF /* cakesApp7.3UITests */,
			);
		};
/* End PBXProject section */

/* Begin PBXResourcesBuildPhase section */
		5D10BB791E4C4670002985AF /* Resources */ = {
			isa = PBXResourcesBuildPhase;
			buildActionMask = 2147483647;
			files = (
				5D10BB891E4C4670002985AF /* LaunchScreen.storyboard in Resources */,
				5D10BB861E4C4670002985AF /* Assets.xcassets in Resources */,
				5D10BB841E4C4670002985AF /* Main.storyboard in Resources */,
			);
			runOnlyForDeploymentPostprocessing = 0;
		};
		5D10BB8D1E4C4670002985AF /* Resources */ = {
			isa = PBXResourcesBuildPhase;
			buildActionMask = 2147483647;
			files = (
			);
			runOnlyForDeploymentPostprocessing = 0;
		};
		5D10BB981E4C4670002985AF /* Resources */ = {
			isa = PBXResourcesBuildPhase;
			buildActionMask = 2147483647;
			files = (
			);
			runOnlyForDeploymentPostprocessing = 0;
		};
/* End PBXResourcesBuildPhase section */

/* Begin PBXSourcesBuildPhase section */
		5D10BB771E4C4670002985AF /* Sources */ = {
			isa = PBXSourcesBuildPhase;
			buildActionMask = 2147483647;
			files = (
				5D10BB811E4C4670002985AF /* ViewController.swift in Sources */,
				5D95FA511E4C75F0007569D7 /* TabbarCartViewController.swift in Sources */,
				5D95FA4B1E4C75A8007569D7 /* TabbarHomeViewController.swift in Sources */,
				5D95FA4F1E4C75C8007569D7 /* TabbarAccountViewController.swift in Sources */,
				5D10BB7F1E4C4670002985AF /* AppDelegate.swift in Sources */,
				5D879E761E4C582200C2BD77 /* CASignupPageViewController.swift in Sources */,
				5D95FA4D1E4C75B6007569D7 /* TabbarWishViewController.swift in Sources */,
			);
			runOnlyForDeploymentPostprocessing = 0;
		};
		5D10BB8B1E4C4670002985AF /* Sources */ = {
			isa = PBXSourcesBuildPhase;
			buildActionMask = 2147483647;
			files = (
				5D10BB941E4C4670002985AF /* cakesApp7_3Tests.swift in Sources */,
			);
			runOnlyForDeploymentPostprocessing = 0;
		};
		5D10BB961E4C4670002985AF /* Sources */ = {
			isa = PBXSourcesBuildPhase;
			buildActionMask = 2147483647;
			files = (
				5D10BB9F1E4C4670002985AF /* cakesApp7_3UITests.swift in Sources */,
			);
			runOnlyForDeploymentPostprocessing = 0;
		};
/* End PBXSourcesBuildPhase section */

/* Begin PBXTargetDependency section */
		5D10BB911E4C4670002985AF /* PBXTargetDependency */ = {
			isa = PBXTargetDependency;
			target = 5D10BB7A1E4C4670002985AF /* cakesApp7.3 */;
			targetProxy = 5D10BB901E4C4670002985AF /* PBXContainerItemProxy */;
		};
		5D10BB9C1E4C4670002985AF /* PBXTargetDependency */ = {
			isa = PBXTargetDependency;
			target = 5D10BB7A1E4C4670002985AF /* cakesApp7.3 */;
			targetProxy = 5D10BB9B1E4C4670002985AF /* PBXContainerItemProxy */;
		};
/* End PBXTargetDependency section */

/* Begin PBXVariantGroup section */
		5D10BB821E4C4670002985AF /* Main.storyboard */ = {
			isa = PBXVariantGroup;
			children = (
				5D10BB831E4C4670002985AF /* Base */,
			);
			name = Main.storyboard;
			sourceTree = "<group>";
		};
		5D10BB871E4C4670002985AF /* LaunchScreen.storyboard */ = {
			isa = PBXVariantGroup;
			children = (
				5D10BB881E4C4670002985AF /* Base */,
			);
			name = LaunchScreen.storyboard;
			sourceTree = "<group>";
		};
/* End PBXVariantGroup section */

/* Begin XCBuildConfiguration section */
		5D10BBA11E4C4670002985AF /* Debug */ = {
			isa = XCBuildConfiguration;
			buildSettings = {
				ALWAYS_SEARCH_USER_PATHS = NO;
				CLANG_ANALYZER_NONNULL = YES;
				CLANG_CXX_LANGUAGE_STANDARD = "gnu++0x";
				CLANG_CXX_LIBRARY = "libc++";
				CLANG_ENABLE_MODULES = YES;
				CLANG_ENABLE_OBJC_ARC = YES;
				CLANG_WARN_BOOL_CONVERSION = YES;
				CLANG_WARN_CONSTANT_CONVERSION = YES;
				CLANG_WARN_DIRECT_OBJC_ISA_USAGE = YES_ERROR;
				CLANG_WARN_EMPTY_BODY = YES;
				CLANG_WARN_ENUM_CONVERSION = YES;
				CLANG_WARN_INT_CONVERSION = YES;
				CLANG_WARN_OBJC_ROOT_CLASS = YES_ERROR;
				CLANG_WARN_UNREACHABLE_CODE = YES;
				CLANG_WARN__DUPLICATE_METHOD_MATCH = YES;
				"CODE_SIGN_IDENTITY[sdk=iphoneos*]" = "iPhone Developer";
				COPY_PHASE_STRIP = NO;
				DEBUG_INFORMATION_FORMAT = dwarf;
				ENABLE_STRICT_OBJC_MSGSEND = YES;
				ENABLE_TESTABILITY = YES;
				GCC_C_LANGUAGE_STANDARD = gnu99;
				GCC_DYNAMIC_NO_PIC = NO;
				GCC_NO_COMMON_BLOCKS = YES;
				GCC_OPTIMIZATION_LEVEL = 0;
				GCC_PREPROCESSOR_DEFINITIONS = (
					"DEBUG=1",
					"$(inherited)",
				);
				GCC_WARN_64_TO_32_BIT_CONVERSION = YES;
				GCC_WARN_ABOUT_RETURN_TYPE = YES_ERROR;
				GCC_WARN_UNDECLARED_SELECTOR = YES;
				GCC_WARN_UNINITIALIZED_AUTOS = YES_AGGRESSIVE;
				GCC_WARN_UNUSED_FUNCTION = YES;
				GCC_WARN_UNUSED_VARIABLE = YES;
				IPHONEOS_DEPLOYMENT_TARGET = 9.3;
				MTL_ENABLE_DEBUG_INFO = YES;
				ONLY_ACTIVE_ARCH = YES;
				SDKROOT = iphoneos;
				SWIFT_OPTIMIZATION_LEVEL = "-Onone";
				TARGETED_DEVICE_FAMILY = "1,2";
			};
			name = Debug;
		};
		5D10BBA21E4C4670002985AF /* Release */ = {
			isa = XCBuildConfiguration;
			buildSettings = {
				ALWAYS_SEARCH_USER_PATHS = NO;
				CLANG_ANALYZER_NONNULL = YES;
				CLANG_CXX_LANGUAGE_STANDARD = "gnu++0x";
				CLANG_CXX_LIBRARY = "libc++";
				CLANG_ENABLE_MODULES = YES;
				CLANG_ENABLE_OBJC_ARC = YES;
				CLANG_WARN_BOOL_CONVERSION = YES;
				CLANG_WARN_CONSTANT_CONVERSION = YES;
				CLANG_WARN_DIRECT_OBJC_ISA_USAGE = YES_ERROR;
				CLANG_WARN_EMPTY_BODY = YES;
				CLANG_WARN_ENUM_CONVERSION = YES;
				CLANG_WARN_INT_CONVERSION = YES;
				CLANG_WARN_OBJC_ROOT_CLASS = YES_ERROR;
				CLANG_WARN_UNREACHABLE_CODE = YES;
				CLANG_WARN__DUPLICATE_METHOD_MATCH = YES;
				"CODE_SIGN_IDENTITY[sdk=iphoneos*]" = "iPhone Developer";
				COPY_PHASE_STRIP = NO;
				DEBUG_INFORMATION_FORMAT = "dwarf-with-dsym";
				ENABLE_NS_ASSERTIONS = NO;
				ENABLE_STRICT_OBJC_MSGSEND = YES;
				GCC_C_LANGUAGE_STANDARD = gnu99;
				GCC_NO_COMMON_BLOCKS = YES;
				GCC_WARN_64_TO_32_BIT_CONVERSION = YES;
				GCC_WARN_ABOUT_RETURN_TYPE = YES_ERROR;
				GCC_WARN_UNDECLARED_SELECTOR = YES;
				GCC_WARN_UNINITIALIZED_AUTOS = YES_AGGRESSIVE;
				GCC_WARN_UNUSED_FUNCTION = YES;
				GCC_WARN_UNUSED_VARIABLE = YES;
				IPHONEOS_DEPLOYMENT_TARGET = 9.3;
				MTL_ENABLE_DEBUG_INFO = NO;
				SDKROOT = iphoneos;
				TARGETED_DEVICE_FAMILY = "1,2";
				VALIDATE_PRODUCT = YES;
			};
			name = Release;
		};
		5D10BBA41E4C4670002985AF /* Debug */ = {
			isa = XCBuildConfiguration;
			buildSettings = {
				ASSETCATALOG_COMPILER_APPICON_NAME = AppIcon;
				INFOPLIST_FILE = cakesApp7.3/Info.plist;
				LD_RUNPATH_SEARCH_PATHS = "$(inherited) @executable_path/Frameworks";
				PRODUCT_BUNDLE_IDENTIFIER = "com.app.cakesApp7-3";
				PRODUCT_NAME = "$(TARGET_NAME)";
			};
			name = Debug;
		};
		5D10BBA51E4C4670002985AF /* Release */ = {
			isa = XCBuildConfiguration;
			buildSettings = {
				ASSETCATALOG_COMPILER_APPICON_NAME = AppIcon;
				INFOPLIST_FILE = cakesApp7.3/Info.plist;
				LD_RUNPATH_SEARCH_PATHS = "$(inherited) @executable_path/Frameworks";
				PRODUCT_BUNDLE_IDENTIFIER = "com.app.cakesApp7-3";
				PRODUCT_NAME = "$(TARGET_NAME)";
			};
			name = Release;
		};
		5D10BBA71E4C4670002985AF /* Debug */ = {
			isa = XCBuildConfiguration;
			buildSettings = {
				BUNDLE_LOADER = "$(TEST_HOST)";
				INFOPLIST_FILE = cakesApp7.3Tests/Info.plist;
				LD_RUNPATH_SEARCH_PATHS = "$(inherited) @executable_path/Frameworks @loader_path/Frameworks";
				PRODUCT_BUNDLE_IDENTIFIER = "com.app.cakesApp7-3Tests";
				PRODUCT_NAME = "$(TARGET_NAME)";
				TEST_HOST = "$(BUILT_PRODUCTS_DIR)/cakesApp7.3.app/cakesApp7.3";
			};
			name = Debug;
		};
		5D10BBA81E4C4670002985AF /* Release */ = {
			isa = XCBuildConfiguration;
			buildSettings = {
				BUNDLE_LOADER = "$(TEST_HOST)";
				INFOPLIST_FILE = cakesApp7.3Tests/Info.plist;
				LD_RUNPATH_SEARCH_PATHS = "$(inherited) @executable_path/Frameworks @loader_path/Frameworks";
				PRODUCT_BUNDLE_IDENTIFIER = "com.app.cakesApp7-3Tests";
				PRODUCT_NAME = "$(TARGET_NAME)";
				TEST_HOST = "$(BUILT_PRODUCTS_DIR)/cakesApp7.3.app/cakesApp7.3";
			};
			name = Release;
		};
		5D10BBAA1E4C4670002985AF /* Debug */ = {
			isa = XCBuildConfiguration;
			buildSettings = {
				INFOPLIST_FILE = cakesApp7.3UITests/Info.plist;
				LD_RUNPATH_SEARCH_PATHS = "$(inherited) @executable_path/Frameworks @loader_path/Frameworks";
				PRODUCT_BUNDLE_IDENTIFIER = "com.app.cakesApp7-3UITests";
				PRODUCT_NAME = "$(TARGET_NAME)";
				TEST_TARGET_NAME = cakesApp7.3;
			};
			name = Debug;
		};
		5D10BBAB1E4C4670002985AF /* Release */ = {
			isa = XCBuildConfiguration;
			buildSettings = {
				INFOPLIST_FILE = cakesApp7.3UITests/Info.plist;
				LD_RUNPATH_SEARCH_PATHS = "$(inherited) @executable_path/Frameworks @loader_path/Frameworks";
				PRODUCT_BUNDLE_IDENTIFIER = "com.app.cakesApp7-3UITests";
				PRODUCT_NAME = "$(TARGET_NAME)";
				TEST_TARGET_NAME = cakesApp7.3;
			};
			name = Release;
		};
/* End XCBuildConfiguration section */

/* Begin XCConfigurationList section */
		5D10BB761E4C4670002985AF /* Build configuration list for PBXProject "cakesApp7.3" */ = {
			isa = XCConfigurationList;
			buildConfigurations = (
				5D10BBA11E4C4670002985AF /* Debug */,
				5D10BBA21E4C4670002985AF /* Release */,
			);
			defaultConfigurationIsVisible = 0;
			defaultConfigurationName = Release;
		};
		5D10BBA31E4C4670002985AF /* Build configuration list for PBXNativeTarget "cakesApp7.3" */ = {
			isa = XCConfigurationList;
			buildConfigurations = (
				5D10BBA41E4C4670002985AF /* Debug */,
				5D10BBA51E4C4670002985AF /* Release */,
			);
			defaultConfigurationIsVisible = 0;
			defaultConfigurationName = Release;
		};
		5D10BBA61E4C4670002985AF /* Build configuration list for PBXNativeTarget "cakesApp7.3Tests" */ = {
			isa = XCConfigurationList;
			buildConfigurations = (
				5D10BBA71E4C4670002985AF /* Debug */,
				5D10BBA81E4C4670002985AF /* Release */,
			);
			defaultConfigurationIsVisible = 0;
			defaultConfigurationName = Release;
		};
		5D10BBA91E4C4670002985AF /* Build configuration list for PBXNativeTarget "cakesApp7.3UITests" */ = {
			isa = XCConfigurationList;
			buildConfigurations = (
				5D10BBAA1E4C4670002985AF /* Debug */,
				5D10BBAB1E4C4670002985AF /* Release */,
			);
			defaultConfigurationIsVisible = 0;
			defaultConfigurationName = Release;
		};
/* End XCConfigurationList section */
	};
	rootObject = 5D10BB731E4C4670002985AF /* Project object */;
}
